
Microsoft Visual Studio Solution File, Format Version 12.00
# Visual Studio Version 17
VisualStudioVersion = 17.2.32616.157
MinimumVisualStudioVersion = 10.0.40219.1
Project("{9A19103F-16F7-4668-BE54-9A1E7A4F7556}") = "API", "API\API.csproj", "{11408769-2F17-4242-BEAB-03D361E6A686}"
EndProject
Project("{2150E333-8FDC-42A3-9474-1A3956D46DE8}") = "3.Presentation", "3.Presentation", "{35081B6E-8695-46D6-8BAA-F5CCE90BEC6F}"
EndProject
Project("{2150E333-8FDC-42A3-9474-1A3956D46DE8}") = "2.Service", "2.Service", "{1A985C3F-5C24-45B7-A49F-DEEAD166AD37}"
EndProject
Project("{2150E333-8FDC-42A3-9474-1A3956D46DE8}") = "1.Core", "1.Core", "{E8CD405E-013E-406E-A24E-4918BFDDE376}"
EndProject
Project("{9A19103F-16F7-4668-BE54-9A1E7A4F7556}") = "Domain", "Domain\Domain.csproj", "{097C7CBE-CEA1-4ECB-9753-3307D59263EE}"
EndProject
Project("{9A19103F-16F7-4668-BE54-9A1E7A4F7556}") = "Dto", "Dto\Dto.csproj", "{018EC86D-A998-405D-B75D-DE524C30162B}"
EndProject
Project("{9A19103F-16F7-4668-BE54-9A1E7A4F7556}") = "Reponsitory", "Reponsitory\Reponsitory.csproj", "{6930B4C5-AA3C-4271-9E0A-900E5E1552A2}"
EndProject
Project("{9A19103F-16F7-4668-BE54-9A1E7A4F7556}") = "Service", "Service\Service.csproj", "{B45289B4-104A-4A81-842C-77AD1D241108}"
EndProject
Project("{9A19103F-16F7-4668-BE54-9A1E7A4F7556}") = "Common", "Common\Common.csproj", "{D7B71ED1-63DE-4DF4-B1A4-A6154D406D47}"
EndProject
Global
	GlobalSection(SolutionConfigurationPlatforms) = preSolution
		Debug|Any CPU = Debug|Any CPU
		Release|Any CPU = Release|Any CPU
	EndGlobalSection
	GlobalSection(ProjectConfigurationPlatforms) = postSolution
		{11408769-2F17-4242-BEAB-03D361E6A686}.Debug|Any CPU.ActiveCfg = Debug|Any CPU
		{11408769-2F17-4242-BEAB-03D361E6A686}.Debug|Any CPU.Build.0 = Debug|Any CPU
		{11408769-2F17-4242-BEAB-03D361E6A686}.Release|Any CPU.ActiveCfg = Release|Any CPU
		{11408769-2F17-4242-BEAB-03D361E6A686}.Release|Any CPU.Build.0 = Release|Any CPU
		{097C7CBE-CEA1-4ECB-9753-3307D59263EE}.Debug|Any CPU.ActiveCfg = Debug|Any CPU
		{097C7CBE-CEA1-4ECB-9753-3307D59263EE}.Debug|Any CPU.Build.0 = Debug|Any CPU
		{097C7CBE-CEA1-4ECB-9753-3307D59263EE}.Release|Any CPU.ActiveCfg = Release|Any CPU
		{097C7CBE-CEA1-4ECB-9753-3307D59263EE}.Release|Any CPU.Build.0 = Release|Any CPU
		{018EC86D-A998-405D-B75D-DE524C30162B}.Debug|Any CPU.ActiveCfg = Debug|Any CPU
		{018EC86D-A998-405D-B75D-DE524C30162B}.Debug|Any CPU.Build.0 = Debug|Any CPU
		{018EC86D-A998-405D-B75D-DE524C30162B}.Release|Any CPU.ActiveCfg = Release|Any CPU
		{018EC86D-A998-405D-B75D-DE524C30162B}.Release|Any CPU.Build.0 = Release|Any CPU
		{6930B4C5-AA3C-4271-9E0A-900E5E1552A2}.Debug|Any CPU.ActiveCfg = Debug|Any CPU
		{6930B4C5-AA3C-4271-9E0A-900E5E1552A2}.Debug|Any CPU.Build.0 = Debug|Any CPU
		{6930B4C5-AA3C-4271-9E0A-900E5E1552A2}.Release|Any CPU.ActiveCfg = Release|Any CPU
		{6930B4C5-AA3C-4271-9E0A-900E5E1552A2}.Release|Any CPU.Build.0 = Release|Any CPU
		{B45289B4-104A-4A81-842C-77AD1D241108}.Debug|Any CPU.ActiveCfg = Debug|Any CPU
		{B45289B4-104A-4A81-842C-77AD1D241108}.Debug|Any CPU.Build.0 = Debug|Any CPU
		{B45289B4-104A-4A81-842C-77AD1D241108}.Release|Any CPU.ActiveCfg = Release|Any CPU
		{B45289B4-104A-4A81-842C-77AD1D241108}.Release|Any CPU.Build.0 = Release|Any CPU
		{D7B71ED1-63DE-4DF4-B1A4-A6154D406D47}.Debug|Any CPU.ActiveCfg = Debug|Any CPU
		{D7B71ED1-63DE-4DF4-B1A4-A6154D406D47}.Debug|Any CPU.Build.0 = Debug|Any CPU
		{D7B71ED1-63DE-4DF4-B1A4-A6154D406D47}.Release|Any CPU.ActiveCfg = Release|Any CPU
		{D7B71ED1-63DE-4DF4-B1A4-A6154D406D47}.Release|Any CPU.Build.0 = Release|Any CPU
	EndGlobalSection
	GlobalSection(SolutionProperties) = preSolution
		HideSolutionNode = FALSE
	EndGlobalSection
	GlobalSection(NestedProjects) = preSolution
		{11408769-2F17-4242-BEAB-03D361E6A686} = {35081B6E-8695-46D6-8BAA-F5CCE90BEC6F}
		{097C7CBE-CEA1-4ECB-9753-3307D59263EE} = {E8CD405E-013E-406E-A24E-4918BFDDE376}
		{018EC86D-A998-405D-B75D-DE524C30162B} = {E8CD405E-013E-406E-A24E-4918BFDDE376}
		{6930B4C5-AA3C-4271-9E0A-900E5E1552A2} = {E8CD405E-013E-406E-A24E-4918BFDDE376}
		{B45289B4-104A-4A81-842C-77AD1D241108} = {1A985C3F-5C24-45B7-A49F-DEEAD166AD37}
		{D7B71ED1-63DE-4DF4-B1A4-A6154D406D47} = {E8CD405E-013E-406E-A24E-4918BFDDE376}
	EndGlobalSection
	GlobalSection(ExtensibilityGlobals) = postSolution
		SolutionGuid = {AB31EDA3-5789-4F12-9488-F6EB5D18028D}
	EndGlobalSection
EndGlobal
